
Microsoft Visual Studio Solution File, Format Version 12.00
Project("{FAE04EC0-301F-11D3-BF4B-00C04F79EFBC}") = "App1", "App1\App1.csproj", "{D4958BC0-EE6F-462E-AD88-EF4E38DE98E9}"
EndProject
Global
	GlobalSection(SolutionConfigurationPlatforms) = preSolution
		Debug|Any CPU = Debug|Any CPU
		Release|Any CPU = Release|Any CPU
	EndGlobalSection
	GlobalSection(ProjectConfigurationPlatforms) = postSolution
		{D4958BC0-EE6F-462E-AD88-EF4E38DE98E9}.Debug|Any CPU.ActiveCfg = Debug|Any CPU
		{D4958BC0-EE6F-462E-AD88-EF4E38DE98E9}.Debug|Any CPU.Build.0 = Debug|Any CPU
		{D4958BC0-EE6F-462E-AD88-EF4E38DE98E9}.Release|Any CPU.ActiveCfg = Release|Any CPU
		{D4958BC0-EE6F-462E-AD88-EF4E38DE98E9}.Release|Any CPU.Build.0 = Release|Any CPU
	EndGlobalSection
EndGlobal
