
Microsoft Visual Studio Solution File, Format Version 12.00
Project("{FAE04EC0-301F-11D3-BF4B-00C04F79EFBC}") = "App1", "App1\App1.csproj", "{DF3A64CE-B5B3-4C5B-B9C8-C532928FC6D1}"
EndProject
Global
	GlobalSection(SolutionConfigurationPlatforms) = preSolution
		Debug|Any CPU = Debug|Any CPU
		Release|Any CPU = Release|Any CPU
	EndGlobalSection
	GlobalSection(ProjectConfigurationPlatforms) = postSolution
		{DF3A64CE-B5B3-4C5B-B9C8-C532928FC6D1}.Debug|Any CPU.ActiveCfg = Debug|Any CPU
		{DF3A64CE-B5B3-4C5B-B9C8-C532928FC6D1}.Debug|Any CPU.Build.0 = Debug|Any CPU
		{DF3A64CE-B5B3-4C5B-B9C8-C532928FC6D1}.Release|Any CPU.ActiveCfg = Release|Any CPU
		{DF3A64CE-B5B3-4C5B-B9C8-C532928FC6D1}.Release|Any CPU.Build.0 = Release|Any CPU
	EndGlobalSection
EndGlobal
